// !$*UTF8*$!
{
	archiveVersion = 1;
	classes = {
	};
	objectVersion = 55;
	objects = {

/* Begin PBXBuildFile section */
		620AB4E12895E1D3003AFEA7 /* GGTitleLabel.swift in Sources */ = {isa = PBXBuildFile; fileRef = 620AB4E02895E1D3003AFEA7 /* GGTitleLabel.swift */; };
		620AB4E32895E32D003AFEA7 /* GGBodyLabel.swift in Sources */ = {isa = PBXBuildFile; fileRef = 620AB4E22895E32D003AFEA7 /* GGBodyLabel.swift */; };
		620AB4E52895E3EC003AFEA7 /* GGAlertVC.swift in Sources */ = {isa = PBXBuildFile; fileRef = 620AB4E42895E3EC003AFEA7 /* GGAlertVC.swift */; };
		620AB4E728960F73003AFEA7 /* UIViewController+Extensions.swift in Sources */ = {isa = PBXBuildFile; fileRef = 620AB4E628960F73003AFEA7 /* UIViewController+Extensions.swift */; };
		620C64F5289592C600798986 /* FollowerListVC.swift in Sources */ = {isa = PBXBuildFile; fileRef = 620C64F4289592C600798986 /* FollowerListVC.swift */; };
		621738592898417100804213 /* GGError.swift in Sources */ = {isa = PBXBuildFile; fileRef = 621738582898417100804213 /* GGError.swift */; };
		6217385C28984AE900804213 /* FollowerCell.swift in Sources */ = {isa = PBXBuildFile; fileRef = 6217385B28984AE900804213 /* FollowerCell.swift */; };
		6217385E28984B6A00804213 /* GGAvatarImageView.swift in Sources */ = {isa = PBXBuildFile; fileRef = 6217385D28984B6A00804213 /* GGAvatarImageView.swift */; };
		6236C3682896D08900F98892 /* Follower.swift in Sources */ = {isa = PBXBuildFile; fileRef = 6236C3672896D08900F98892 /* Follower.swift */; };
		6236C36A2896D15600F98892 /* User.swift in Sources */ = {isa = PBXBuildFile; fileRef = 6236C3692896D15600F98892 /* User.swift */; };
		6236C36D2897682D00F98892 /* NetworkManager.swift in Sources */ = {isa = PBXBuildFile; fileRef = 6236C36C2897682D00F98892 /* NetworkManager.swift */; };
		626B3ACC289CC1F40005190B /* UserInfoVC.swift in Sources */ = {isa = PBXBuildFile; fileRef = 626B3ACB289CC1F40005190B /* UserInfoVC.swift */; };
		626B3ACE289D86CE0005190B /* GGUserInfoHeaderVC.swift in Sources */ = {isa = PBXBuildFile; fileRef = 626B3ACD289D86CE0005190B /* GGUserInfoHeaderVC.swift */; };
		626B3AD0289D873C0005190B /* GGSecondaryTitleLabel.swift in Sources */ = {isa = PBXBuildFile; fileRef = 626B3ACF289D873C0005190B /* GGSecondaryTitleLabel.swift */; };
		6273332A289AED16007EC656 /* UIHelper.swift in Sources */ = {isa = PBXBuildFile; fileRef = 62733329289AED16007EC656 /* UIHelper.swift */; };
		62733331289C7485007EC656 /* GGEmptyStateView.swift in Sources */ = {isa = PBXBuildFile; fileRef = 62733330289C7485007EC656 /* GGEmptyStateView.swift */; };
		627E6F3A289E18D60047B2EA /* GGItemInfoView.swift in Sources */ = {isa = PBXBuildFile; fileRef = 627E6F39289E18D60047B2EA /* GGItemInfoView.swift */; };
		627E6F3C289ECE210047B2EA /* GGItemInfoVC.swift in Sources */ = {isa = PBXBuildFile; fileRef = 627E6F3B289ECE210047B2EA /* GGItemInfoVC.swift */; };
		62FD30902894458500D9A40C /* AppDelegate.swift in Sources */ = {isa = PBXBuildFile; fileRef = 62FD308F2894458500D9A40C /* AppDelegate.swift */; };
		62FD30922894458500D9A40C /* SceneDelegate.swift in Sources */ = {isa = PBXBuildFile; fileRef = 62FD30912894458500D9A40C /* SceneDelegate.swift */; };
		62FD30992894458600D9A40C /* Assets.xcassets in Resources */ = {isa = PBXBuildFile; fileRef = 62FD30982894458600D9A40C /* Assets.xcassets */; };
		62FD309C2894458600D9A40C /* LaunchScreen.storyboard in Resources */ = {isa = PBXBuildFile; fileRef = 62FD309A2894458600D9A40C /* LaunchScreen.storyboard */; };
		62FD30A4289459CC00D9A40C /* SearchVC.swift in Sources */ = {isa = PBXBuildFile; fileRef = 62FD30A3289459CC00D9A40C /* SearchVC.swift */; };
		62FD30A6289459FB00D9A40C /* FavoriteListVC.swift in Sources */ = {isa = PBXBuildFile; fileRef = 62FD30A5289459FB00D9A40C /* FavoriteListVC.swift */; };
		62FD30A82894859100D9A40C /* GGButton.swift in Sources */ = {isa = PBXBuildFile; fileRef = 62FD30A72894859100D9A40C /* GGButton.swift */; };
		62FD30AB2894888A00D9A40C /* GGTextField.swift in Sources */ = {isa = PBXBuildFile; fileRef = 62FD30AA2894888A00D9A40C /* GGTextField.swift */; };
		62FD30AD28949A3000D9A40C /* AssetConstants.swift in Sources */ = {isa = PBXBuildFile; fileRef = 62FD30AC28949A3000D9A40C /* AssetConstants.swift */; };
/* End PBXBuildFile section */

/* Begin PBXFileReference section */
		620AB4E02895E1D3003AFEA7 /* GGTitleLabel.swift */ = {isa = PBXFileReference; lastKnownFileType = sourcecode.swift; path = GGTitleLabel.swift; sourceTree = "<group>"; };
		620AB4E22895E32D003AFEA7 /* GGBodyLabel.swift */ = {isa = PBXFileReference; lastKnownFileType = sourcecode.swift; path = GGBodyLabel.swift; sourceTree = "<group>"; };
		620AB4E42895E3EC003AFEA7 /* GGAlertVC.swift */ = {isa = PBXFileReference; lastKnownFileType = sourcecode.swift; path = GGAlertVC.swift; sourceTree = "<group>"; };
		620AB4E628960F73003AFEA7 /* UIViewController+Extensions.swift */ = {isa = PBXFileReference; lastKnownFileType = sourcecode.swift; path = "UIViewController+Extensions.swift"; sourceTree = "<group>"; };
		620C64F4289592C600798986 /* FollowerListVC.swift */ = {isa = PBXFileReference; lastKnownFileType = sourcecode.swift; path = FollowerListVC.swift; sourceTree = "<group>"; };
		621738582898417100804213 /* GGError.swift */ = {isa = PBXFileReference; lastKnownFileType = sourcecode.swift; path = GGError.swift; sourceTree = "<group>"; };
		6217385B28984AE900804213 /* FollowerCell.swift */ = {isa = PBXFileReference; lastKnownFileType = sourcecode.swift; path = FollowerCell.swift; sourceTree = "<group>"; };
		6217385D28984B6A00804213 /* GGAvatarImageView.swift */ = {isa = PBXFileReference; lastKnownFileType = sourcecode.swift; path = GGAvatarImageView.swift; sourceTree = "<group>"; };
		6236C3672896D08900F98892 /* Follower.swift */ = {isa = PBXFileReference; lastKnownFileType = sourcecode.swift; path = Follower.swift; sourceTree = "<group>"; };
		6236C3692896D15600F98892 /* User.swift */ = {isa = PBXFileReference; lastKnownFileType = sourcecode.swift; path = User.swift; sourceTree = "<group>"; };
		6236C36C2897682D00F98892 /* NetworkManager.swift */ = {isa = PBXFileReference; lastKnownFileType = sourcecode.swift; path = NetworkManager.swift; sourceTree = "<group>"; };
		626B3ACB289CC1F40005190B /* UserInfoVC.swift */ = {isa = PBXFileReference; lastKnownFileType = sourcecode.swift; path = UserInfoVC.swift; sourceTree = "<group>"; };
		626B3ACD289D86CE0005190B /* GGUserInfoHeaderVC.swift */ = {isa = PBXFileReference; lastKnownFileType = sourcecode.swift; path = GGUserInfoHeaderVC.swift; sourceTree = "<group>"; };
		626B3ACF289D873C0005190B /* GGSecondaryTitleLabel.swift */ = {isa = PBXFileReference; lastKnownFileType = sourcecode.swift; path = GGSecondaryTitleLabel.swift; sourceTree = "<group>"; };
		62733329289AED16007EC656 /* UIHelper.swift */ = {isa = PBXFileReference; lastKnownFileType = sourcecode.swift; path = UIHelper.swift; sourceTree = "<group>"; };
		62733330289C7485007EC656 /* GGEmptyStateView.swift */ = {isa = PBXFileReference; lastKnownFileType = sourcecode.swift; path = GGEmptyStateView.swift; sourceTree = "<group>"; };
		627E6F39289E18D60047B2EA /* GGItemInfoView.swift */ = {isa = PBXFileReference; lastKnownFileType = sourcecode.swift; path = GGItemInfoView.swift; sourceTree = "<group>"; };
		627E6F3B289ECE210047B2EA /* GGItemInfoVC.swift */ = {isa = PBXFileReference; lastKnownFileType = sourcecode.swift; path = GGItemInfoVC.swift; sourceTree = "<group>"; };
		62FD308C2894458500D9A40C /* Gitstagram.app */ = {isa = PBXFileReference; explicitFileType = wrapper.application; includeInIndex = 0; path = Gitstagram.app; sourceTree = BUILT_PRODUCTS_DIR; };
		62FD308F2894458500D9A40C /* AppDelegate.swift */ = {isa = PBXFileReference; lastKnownFileType = sourcecode.swift; path = AppDelegate.swift; sourceTree = "<group>"; };
		62FD30912894458500D9A40C /* SceneDelegate.swift */ = {isa = PBXFileReference; lastKnownFileType = sourcecode.swift; path = SceneDelegate.swift; sourceTree = "<group>"; };
		62FD30982894458600D9A40C /* Assets.xcassets */ = {isa = PBXFileReference; lastKnownFileType = folder.assetcatalog; path = Assets.xcassets; sourceTree = "<group>"; };
		62FD309B2894458600D9A40C /* Base */ = {isa = PBXFileReference; lastKnownFileType = file.storyboard; name = Base; path = Base.lproj/LaunchScreen.storyboard; sourceTree = "<group>"; };
		62FD309D2894458600D9A40C /* Info.plist */ = {isa = PBXFileReference; lastKnownFileType = text.plist.xml; path = Info.plist; sourceTree = "<group>"; };
		62FD30A3289459CC00D9A40C /* SearchVC.swift */ = {isa = PBXFileReference; lastKnownFileType = sourcecode.swift; path = SearchVC.swift; sourceTree = "<group>"; };
		62FD30A5289459FB00D9A40C /* FavoriteListVC.swift */ = {isa = PBXFileReference; lastKnownFileType = sourcecode.swift; path = FavoriteListVC.swift; sourceTree = "<group>"; };
		62FD30A72894859100D9A40C /* GGButton.swift */ = {isa = PBXFileReference; lastKnownFileType = sourcecode.swift; path = GGButton.swift; sourceTree = "<group>"; };
		62FD30AA2894888A00D9A40C /* GGTextField.swift */ = {isa = PBXFileReference; lastKnownFileType = sourcecode.swift; path = GGTextField.swift; sourceTree = "<group>"; };
		62FD30AC28949A3000D9A40C /* AssetConstants.swift */ = {isa = PBXFileReference; lastKnownFileType = sourcecode.swift; path = AssetConstants.swift; sourceTree = "<group>"; };
/* End PBXFileReference section */

/* Begin PBXFrameworksBuildPhase section */
		62FD30892894458500D9A40C /* Frameworks */ = {
			isa = PBXFrameworksBuildPhase;
			buildActionMask = 2147483647;
			files = (
			);
			runOnlyForDeploymentPostprocessing = 0;
		};
/* End PBXFrameworksBuildPhase section */

/* Begin PBXGroup section */
		621738572898415700804213 /* Utilities */ = {
			isa = PBXGroup;
			children = (
				621738582898417100804213 /* GGError.swift */,
				62733329289AED16007EC656 /* UIHelper.swift */,
			);
			path = Utilities;
			sourceTree = "<group>";
		};
		6217385A28984AB700804213 /* Views */ = {
			isa = PBXGroup;
			children = (
				62FD30A92894886A00D9A40C /* Reusable Views */,
				6217385F28986C1E00804213 /* Cells */,
			);
			path = Views;
			sourceTree = "<group>";
		};
		6217385F28986C1E00804213 /* Cells */ = {
			isa = PBXGroup;
			children = (
				6217385B28984AE900804213 /* FollowerCell.swift */,
			);
			path = Cells;
			sourceTree = "<group>";
		};
		6236C3622896CBD900F98892 /* Controllers */ = {
			isa = PBXGroup;
			children = (
				620AB4E42895E3EC003AFEA7 /* GGAlertVC.swift */,
				62FD30A3289459CC00D9A40C /* SearchVC.swift */,
				62FD30A5289459FB00D9A40C /* FavoriteListVC.swift */,
				620C64F4289592C600798986 /* FollowerListVC.swift */,
				626B3ACB289CC1F40005190B /* UserInfoVC.swift */,
				626B3ACD289D86CE0005190B /* GGUserInfoHeaderVC.swift */,
				627E6F3B289ECE210047B2EA /* GGItemInfoVC.swift */,
			);
			path = Controllers;
			sourceTree = "<group>";
		};
		6236C3642896CC4600F98892 /* Extensions */ = {
			isa = PBXGroup;
			children = (
				620AB4E628960F73003AFEA7 /* UIViewController+Extensions.swift */,
			);
			path = Extensions;
			sourceTree = "<group>";
		};
		6236C3652896CCAA00F98892 /* Support */ = {
			isa = PBXGroup;
			children = (
				62FD308F2894458500D9A40C /* AppDelegate.swift */,
				62FD30912894458500D9A40C /* SceneDelegate.swift */,
			);
			path = Support;
			sourceTree = "<group>";
		};
		6236C3662896CE2300F98892 /* Models */ = {
			isa = PBXGroup;
			children = (
				6236C3672896D08900F98892 /* Follower.swift */,
				6236C3692896D15600F98892 /* User.swift */,
			);
			path = Models;
			sourceTree = "<group>";
		};
		6236C36B2897682100F98892 /* Managers */ = {
			isa = PBXGroup;
			children = (
				6236C36C2897682D00F98892 /* NetworkManager.swift */,
			);
			path = Managers;
			sourceTree = "<group>";
		};
		6273332B289C73C3007EC656 /* Buttons */ = {
			isa = PBXGroup;
			children = (
				62FD30A72894859100D9A40C /* GGButton.swift */,
			);
			path = Buttons;
			sourceTree = "<group>";
		};
		6273332C289C73C8007EC656 /* TextFields */ = {
			isa = PBXGroup;
			children = (
			);
			path = TextFields;
			sourceTree = "<group>";
		};
		6273332D289C73CF007EC656 /* ImageViews */ = {
			isa = PBXGroup;
			children = (
				62733330289C7485007EC656 /* GGEmptyStateView.swift */,
				6217385D28984B6A00804213 /* GGAvatarImageView.swift */,
				62FD30AA2894888A00D9A40C /* GGTextField.swift */,
			);
			path = ImageViews;
			sourceTree = "<group>";
		};
		6273332E289C73E8007EC656 /* Labels */ = {
			isa = PBXGroup;
			children = (
				620AB4E02895E1D3003AFEA7 /* GGTitleLabel.swift */,
				626B3ACF289D873C0005190B /* GGSecondaryTitleLabel.swift */,
				620AB4E22895E32D003AFEA7 /* GGBodyLabel.swift */,
			);
			path = Labels;
			sourceTree = "<group>";
		};
		62FD30832894458500D9A40C = {
			isa = PBXGroup;
			children = (
				62FD308E2894458500D9A40C /* Gitstagram */,
				62FD308D2894458500D9A40C /* Products */,
			);
			sourceTree = "<group>";
		};
		62FD308D2894458500D9A40C /* Products */ = {
			isa = PBXGroup;
			children = (
				62FD308C2894458500D9A40C /* Gitstagram.app */,
			);
			name = Products;
			sourceTree = "<group>";
		};
		62FD308E2894458500D9A40C /* Gitstagram */ = {
			isa = PBXGroup;
			children = (
				6236C3652896CCAA00F98892 /* Support */,
				6236C3662896CE2300F98892 /* Models */,
				6217385A28984AB700804213 /* Views */,
				6236C3622896CBD900F98892 /* Controllers */,
				6236C36B2897682100F98892 /* Managers */,
				621738572898415700804213 /* Utilities */,
				6236C3642896CC4600F98892 /* Extensions */,
				62FD30AC28949A3000D9A40C /* AssetConstants.swift */,
				62FD30982894458600D9A40C /* Assets.xcassets */,
				62FD309A2894458600D9A40C /* LaunchScreen.storyboard */,
				62FD309D2894458600D9A40C /* Info.plist */,
			);
			path = Gitstagram;
			sourceTree = "<group>";
		};
		62FD30A92894886A00D9A40C /* Reusable Views */ = {
			isa = PBXGroup;
			children = (
				6273332E289C73E8007EC656 /* Labels */,
				6273332D289C73CF007EC656 /* ImageViews */,
				6273332C289C73C8007EC656 /* TextFields */,
				6273332B289C73C3007EC656 /* Buttons */,
				627E6F39289E18D60047B2EA /* GGItemInfoView.swift */,
			);
			path = "Reusable Views";
			sourceTree = "<group>";
		};
/* End PBXGroup section */

/* Begin PBXNativeTarget section */
		62FD308B2894458500D9A40C /* Gitstagram */ = {
			isa = PBXNativeTarget;
			buildConfigurationList = 62FD30A02894458600D9A40C /* Build configuration list for PBXNativeTarget "Gitstagram" */;
			buildPhases = (
				62FD30882894458500D9A40C /* Sources */,
				62FD30892894458500D9A40C /* Frameworks */,
				62FD308A2894458500D9A40C /* Resources */,
			);
			buildRules = (
			);
			dependencies = (
			);
			name = Gitstagram;
			productName = Gitstagram;
			productReference = 62FD308C2894458500D9A40C /* Gitstagram.app */;
			productType = "com.apple.product-type.application";
		};
/* End PBXNativeTarget section */

/* Begin PBXProject section */
		62FD30842894458500D9A40C /* Project object */ = {
			isa = PBXProject;
			attributes = {
				BuildIndependentTargetsInParallel = 1;
				LastSwiftUpdateCheck = 1340;
				LastUpgradeCheck = 1340;
				TargetAttributes = {
					62FD308B2894458500D9A40C = {
						CreatedOnToolsVersion = 13.4.1;
					};
				};
			};
			buildConfigurationList = 62FD30872894458500D9A40C /* Build configuration list for PBXProject "Gitstagram" */;
			compatibilityVersion = "Xcode 13.0";
			developmentRegion = en;
			hasScannedForEncodings = 0;
			knownRegions = (
				en,
				Base,
			);
			mainGroup = 62FD30832894458500D9A40C;
			productRefGroup = 62FD308D2894458500D9A40C /* Products */;
			projectDirPath = "";
			projectRoot = "";
			targets = (
				62FD308B2894458500D9A40C /* Gitstagram */,
			);
		};
/* End PBXProject section */

/* Begin PBXResourcesBuildPhase section */
		62FD308A2894458500D9A40C /* Resources */ = {
			isa = PBXResourcesBuildPhase;
			buildActionMask = 2147483647;
			files = (
				62FD309C2894458600D9A40C /* LaunchScreen.storyboard in Resources */,
				62FD30992894458600D9A40C /* Assets.xcassets in Resources */,
			);
			runOnlyForDeploymentPostprocessing = 0;
		};
/* End PBXResourcesBuildPhase section */

/* Begin PBXSourcesBuildPhase section */
		62FD30882894458500D9A40C /* Sources */ = {
			isa = PBXSourcesBuildPhase;
			buildActionMask = 2147483647;
			files = (
				621738592898417100804213 /* GGError.swift in Sources */,
				6217385E28984B6A00804213 /* GGAvatarImageView.swift in Sources */,
				62FD30AB2894888A00D9A40C /* GGTextField.swift in Sources */,
				627E6F3A289E18D60047B2EA /* GGItemInfoView.swift in Sources */,
				62FD30A82894859100D9A40C /* GGButton.swift in Sources */,
				626B3AD0289D873C0005190B /* GGSecondaryTitleLabel.swift in Sources */,
				627E6F3C289ECE210047B2EA /* GGItemInfoVC.swift in Sources */,
				62FD30A6289459FB00D9A40C /* FavoriteListVC.swift in Sources */,
				620AB4E52895E3EC003AFEA7 /* GGAlertVC.swift in Sources */,
				62733331289C7485007EC656 /* GGEmptyStateView.swift in Sources */,
				620AB4E728960F73003AFEA7 /* UIViewController+Extensions.swift in Sources */,
				620AB4E12895E1D3003AFEA7 /* GGTitleLabel.swift in Sources */,
				6217385C28984AE900804213 /* FollowerCell.swift in Sources */,
				6236C36A2896D15600F98892 /* User.swift in Sources */,
				62FD30A4289459CC00D9A40C /* SearchVC.swift in Sources */,
				6236C3682896D08900F98892 /* Follower.swift in Sources */,
				62FD30902894458500D9A40C /* AppDelegate.swift in Sources */,
				620AB4E32895E32D003AFEA7 /* GGBodyLabel.swift in Sources */,
				62FD30922894458500D9A40C /* SceneDelegate.swift in Sources */,
				6273332A289AED16007EC656 /* UIHelper.swift in Sources */,
				6236C36D2897682D00F98892 /* NetworkManager.swift in Sources */,
				62FD30AD28949A3000D9A40C /* AssetConstants.swift in Sources */,
				626B3ACC289CC1F40005190B /* UserInfoVC.swift in Sources */,
				626B3ACE289D86CE0005190B /* GGUserInfoHeaderVC.swift in Sources */,
				620C64F5289592C600798986 /* FollowerListVC.swift in Sources */,
			);
			runOnlyForDeploymentPostprocessing = 0;
		};
/* End PBXSourcesBuildPhase section */

/* Begin PBXVariantGroup section */
		62FD309A2894458600D9A40C /* LaunchScreen.storyboard */ = {
			isa = PBXVariantGroup;
			children = (
				62FD309B2894458600D9A40C /* Base */,
			);
			name = LaunchScreen.storyboard;
			sourceTree = "<group>";
		};
/* End PBXVariantGroup section */

/* Begin XCBuildConfiguration section */
		62FD309E2894458600D9A40C /* Debug */ = {
			isa = XCBuildConfiguration;
			buildSettings = {
				ALWAYS_SEARCH_USER_PATHS = NO;
				CLANG_ANALYZER_NONNULL = YES;
				CLANG_ANALYZER_NUMBER_OBJECT_CONVERSION = YES_AGGRESSIVE;
				CLANG_CXX_LANGUAGE_STANDARD = "gnu++17";
				CLANG_ENABLE_MODULES = YES;
				CLANG_ENABLE_OBJC_ARC = YES;
				CLANG_ENABLE_OBJC_WEAK = YES;
				CLANG_WARN_BLOCK_CAPTURE_AUTORELEASING = YES;
				CLANG_WARN_BOOL_CONVERSION = YES;
				CLANG_WARN_COMMA = YES;
				CLANG_WARN_CONSTANT_CONVERSION = YES;
				CLANG_WARN_DEPRECATED_OBJC_IMPLEMENTATIONS = YES;
				CLANG_WARN_DIRECT_OBJC_ISA_USAGE = YES_ERROR;
				CLANG_WARN_DOCUMENTATION_COMMENTS = YES;
				CLANG_WARN_EMPTY_BODY = YES;
				CLANG_WARN_ENUM_CONVERSION = YES;
				CLANG_WARN_INFINITE_RECURSION = YES;
				CLANG_WARN_INT_CONVERSION = YES;
				CLANG_WARN_NON_LITERAL_NULL_CONVERSION = YES;
				CLANG_WARN_OBJC_IMPLICIT_RETAIN_SELF = YES;
				CLANG_WARN_OBJC_LITERAL_CONVERSION = YES;
				CLANG_WARN_OBJC_ROOT_CLASS = YES_ERROR;
				CLANG_WARN_QUOTED_INCLUDE_IN_FRAMEWORK_HEADER = YES;
				CLANG_WARN_RANGE_LOOP_ANALYSIS = YES;
				CLANG_WARN_STRICT_PROTOTYPES = YES;
				CLANG_WARN_SUSPICIOUS_MOVE = YES;
				CLANG_WARN_UNGUARDED_AVAILABILITY = YES_AGGRESSIVE;
				CLANG_WARN_UNREACHABLE_CODE = YES;
				CLANG_WARN__DUPLICATE_METHOD_MATCH = YES;
				COPY_PHASE_STRIP = NO;
				DEBUG_INFORMATION_FORMAT = dwarf;
				ENABLE_STRICT_OBJC_MSGSEND = YES;
				ENABLE_TESTABILITY = YES;
				GCC_C_LANGUAGE_STANDARD = gnu11;
				GCC_DYNAMIC_NO_PIC = NO;
				GCC_NO_COMMON_BLOCKS = YES;
				GCC_OPTIMIZATION_LEVEL = 0;
				GCC_PREPROCESSOR_DEFINITIONS = (
					"DEBUG=1",
					"$(inherited)",
				);
				GCC_WARN_64_TO_32_BIT_CONVERSION = YES;
				GCC_WARN_ABOUT_RETURN_TYPE = YES_ERROR;
				GCC_WARN_UNDECLARED_SELECTOR = YES;
				GCC_WARN_UNINITIALIZED_AUTOS = YES_AGGRESSIVE;
				GCC_WARN_UNUSED_FUNCTION = YES;
				GCC_WARN_UNUSED_VARIABLE = YES;
				IPHONEOS_DEPLOYMENT_TARGET = 15.5;
				MTL_ENABLE_DEBUG_INFO = INCLUDE_SOURCE;
				MTL_FAST_MATH = YES;
				ONLY_ACTIVE_ARCH = YES;
				SDKROOT = iphoneos;
				SWIFT_ACTIVE_COMPILATION_CONDITIONS = DEBUG;
				SWIFT_OPTIMIZATION_LEVEL = "-Onone";
			};
			name = Debug;
		};
		62FD309F2894458600D9A40C /* Release */ = {
			isa = XCBuildConfiguration;
			buildSettings = {
				ALWAYS_SEARCH_USER_PATHS = NO;
				CLANG_ANALYZER_NONNULL = YES;
				CLANG_ANALYZER_NUMBER_OBJECT_CONVERSION = YES_AGGRESSIVE;
				CLANG_CXX_LANGUAGE_STANDARD = "gnu++17";
				CLANG_ENABLE_MODULES = YES;
				CLANG_ENABLE_OBJC_ARC = YES;
				CLANG_ENABLE_OBJC_WEAK = YES;
				CLANG_WARN_BLOCK_CAPTURE_AUTORELEASING = YES;
				CLANG_WARN_BOOL_CONVERSION = YES;
				CLANG_WARN_COMMA = YES;
				CLANG_WARN_CONSTANT_CONVERSION = YES;
				CLANG_WARN_DEPRECATED_OBJC_IMPLEMENTATIONS = YES;
				CLANG_WARN_DIRECT_OBJC_ISA_USAGE = YES_ERROR;
				CLANG_WARN_DOCUMENTATION_COMMENTS = YES;
				CLANG_WARN_EMPTY_BODY = YES;
				CLANG_WARN_ENUM_CONVERSION = YES;
				CLANG_WARN_INFINITE_RECURSION = YES;
				CLANG_WARN_INT_CONVERSION = YES;
				CLANG_WARN_NON_LITERAL_NULL_CONVERSION = YES;
				CLANG_WARN_OBJC_IMPLICIT_RETAIN_SELF = YES;
				CLANG_WARN_OBJC_LITERAL_CONVERSION = YES;
				CLANG_WARN_OBJC_ROOT_CLASS = YES_ERROR;
				CLANG_WARN_QUOTED_INCLUDE_IN_FRAMEWORK_HEADER = YES;
				CLANG_WARN_RANGE_LOOP_ANALYSIS = YES;
				CLANG_WARN_STRICT_PROTOTYPES = YES;
				CLANG_WARN_SUSPICIOUS_MOVE = YES;
				CLANG_WARN_UNGUARDED_AVAILABILITY = YES_AGGRESSIVE;
				CLANG_WARN_UNREACHABLE_CODE = YES;
				CLANG_WARN__DUPLICATE_METHOD_MATCH = YES;
				COPY_PHASE_STRIP = NO;
				DEBUG_INFORMATION_FORMAT = "dwarf-with-dsym";
				ENABLE_NS_ASSERTIONS = NO;
				ENABLE_STRICT_OBJC_MSGSEND = YES;
				GCC_C_LANGUAGE_STANDARD = gnu11;
				GCC_NO_COMMON_BLOCKS = YES;
				GCC_WARN_64_TO_32_BIT_CONVERSION = YES;
				GCC_WARN_ABOUT_RETURN_TYPE = YES_ERROR;
				GCC_WARN_UNDECLARED_SELECTOR = YES;
				GCC_WARN_UNINITIALIZED_AUTOS = YES_AGGRESSIVE;
				GCC_WARN_UNUSED_FUNCTION = YES;
				GCC_WARN_UNUSED_VARIABLE = YES;
				IPHONEOS_DEPLOYMENT_TARGET = 15.5;
				MTL_ENABLE_DEBUG_INFO = NO;
				MTL_FAST_MATH = YES;
				SDKROOT = iphoneos;
				SWIFT_COMPILATION_MODE = wholemodule;
				SWIFT_OPTIMIZATION_LEVEL = "-O";
				VALIDATE_PRODUCT = YES;
			};
			name = Release;
		};
		62FD30A12894458600D9A40C /* Debug */ = {
			isa = XCBuildConfiguration;
			buildSettings = {
				ASSETCATALOG_COMPILER_APPICON_NAME = AppIcon;
				ASSETCATALOG_COMPILER_GLOBAL_ACCENT_COLOR_NAME = AccentColor;
				CODE_SIGN_STYLE = Automatic;
				CURRENT_PROJECT_VERSION = 1;
				DEVELOPMENT_TEAM = BMNBE7JVDJ;
				GENERATE_INFOPLIST_FILE = YES;
				INFOPLIST_FILE = Gitstagram/Info.plist;
				INFOPLIST_KEY_UIApplicationSupportsIndirectInputEvents = YES;
				INFOPLIST_KEY_UILaunchStoryboardName = LaunchScreen;
				INFOPLIST_KEY_UISupportedInterfaceOrientations = UIInterfaceOrientationPortrait;
				INFOPLIST_KEY_UISupportedInterfaceOrientations_iPad = "UIInterfaceOrientationPortrait UIInterfaceOrientationPortraitUpsideDown UIInterfaceOrientationLandscapeLeft UIInterfaceOrientationLandscapeRight";
				INFOPLIST_KEY_UISupportedInterfaceOrientations_iPhone = "UIInterfaceOrientationPortrait UIInterfaceOrientationLandscapeLeft UIInterfaceOrientationLandscapeRight";
				LD_RUNPATH_SEARCH_PATHS = (
					"$(inherited)",
					"@executable_path/Frameworks",
				);
				MARKETING_VERSION = 1.0;
				PRODUCT_BUNDLE_IDENTIFIER = com.elihartnett.Gitstagram;
				PRODUCT_NAME = "$(TARGET_NAME)";
				SWIFT_EMIT_LOC_STRINGS = YES;
				SWIFT_VERSION = 5.0;
				TARGETED_DEVICE_FAMILY = "1,2";
			};
			name = Debug;
		};
		62FD30A22894458600D9A40C /* Release */ = {
			isa = XCBuildConfiguration;
			buildSettings = {
				ASSETCATALOG_COMPILER_APPICON_NAME = AppIcon;
				ASSETCATALOG_COMPILER_GLOBAL_ACCENT_COLOR_NAME = AccentColor;
				CODE_SIGN_STYLE = Automatic;
				CURRENT_PROJECT_VERSION = 1;
				DEVELOPMENT_TEAM = BMNBE7JVDJ;
				GENERATE_INFOPLIST_FILE = YES;
				INFOPLIST_FILE = Gitstagram/Info.plist;
				INFOPLIST_KEY_UIApplicationSupportsIndirectInputEvents = YES;
				INFOPLIST_KEY_UILaunchStoryboardName = LaunchScreen;
				INFOPLIST_KEY_UISupportedInterfaceOrientations = UIInterfaceOrientationPortrait;
				INFOPLIST_KEY_UISupportedInterfaceOrientations_iPad = "UIInterfaceOrientationPortrait UIInterfaceOrientationPortraitUpsideDown UIInterfaceOrientationLandscapeLeft UIInterfaceOrientationLandscapeRight";
				INFOPLIST_KEY_UISupportedInterfaceOrientations_iPhone = "UIInterfaceOrientationPortrait UIInterfaceOrientationLandscapeLeft UIInterfaceOrientationLandscapeRight";
				LD_RUNPATH_SEARCH_PATHS = (
					"$(inherited)",
					"@executable_path/Frameworks",
				);
				MARKETING_VERSION = 1.0;
				PRODUCT_BUNDLE_IDENTIFIER = com.elihartnett.Gitstagram;
				PRODUCT_NAME = "$(TARGET_NAME)";
				SWIFT_EMIT_LOC_STRINGS = YES;
				SWIFT_VERSION = 5.0;
				TARGETED_DEVICE_FAMILY = "1,2";
			};
			name = Release;
		};
/* End XCBuildConfiguration section */

/* Begin XCConfigurationList section */
		62FD30872894458500D9A40C /* Build configuration list for PBXProject "Gitstagram" */ = {
			isa = XCConfigurationList;
			buildConfigurations = (
				62FD309E2894458600D9A40C /* Debug */,
				62FD309F2894458600D9A40C /* Release */,
			);
			defaultConfigurationIsVisible = 0;
			defaultConfigurationName = Release;
		};
		62FD30A02894458600D9A40C /* Build configuration list for PBXNativeTarget "Gitstagram" */ = {
			isa = XCConfigurationList;
			buildConfigurations = (
				62FD30A12894458600D9A40C /* Debug */,
				62FD30A22894458600D9A40C /* Release */,
			);
			defaultConfigurationIsVisible = 0;
			defaultConfigurationName = Release;
		};
/* End XCConfigurationList section */
	};
	rootObject = 62FD30842894458500D9A40C /* Project object */;
}
